// !$*UTF8*$!
{
	archiveVersion = 1;
	classes = {
	};
	objectVersion = 56;
	objects = {

/* Begin PBXBuildFile section */
		2D412C08CB31202D939B3AE5 /* Assets.xcassets in Resources */ = {isa = PBXBuildFile; fileRef = CAC25A121C87606D74433D2F /* Assets.xcassets */; };
		475CD581BFB94856E6344294 /* AppDelegate.swift in Sources */ = {isa = PBXBuildFile; fileRef = A4B3DB258197C6BBD4EE983D /* AppDelegate.swift */; };
		4ADDA6D17B56CFA588B5A757 /* main.swift in Sources */ = {isa = PBXBuildFile; fileRef = C0F1011AB6F8387A658546FA /* main.swift */; };
		54508DE0D293274A8807655C /* Constants.swift in Sources */ = {isa = PBXBuildFile; fileRef = 0959B6B8684EC41A4C1C1E4F /* Constants.swift */; };
		7BBBAD5AC2F29166995B6D85 /* AppLogger.swift in Sources */ = {isa = PBXBuildFile; fileRef = 7AD13073E20B6F007EB27850 /* AppLogger.swift */; };
		A59220CD130A1070D2C0A8FD /* Preview Assets.xcassets in Resources */ = {isa = PBXBuildFile; fileRef = 9DE15EF095B4D72E2995B4D8 /* Preview Assets.xcassets */; };
		AEF9EC7B1F82BCE5C556F458 /* SettingsContentView.swift in Sources */ = {isa = PBXBuildFile; fileRef = 683E1C0A1A5B2422E2044FD0 /* SettingsContentView.swift */; };
		DA49A14B6FB9F2B487241EFD /* main.swift in Sources */ = {isa = PBXBuildFile; fileRef = A8318E21DF06EFAC8B995CBA /* main.swift */; };
		F3053729E386DF10D38913A5 /* FileMonitor.swift in Sources */ = {isa = PBXBuildFile; fileRef = 969CDD22B665D91F5AA9FC20 /* FileMonitor.swift */; };
/* End PBXBuildFile section */

/* Begin PBXFileReference section */
		0959B6B8684EC41A4C1C1E4F /* Constants.swift */ = {isa = PBXFileReference; lastKnownFileType = sourcecode.swift; path = Constants.swift; sourceTree = "<group>"; };
		2856C72A01787D1B6859310B /* Info.plist */ = {isa = PBXFileReference; lastKnownFileType = text.plist; path = Info.plist; sourceTree = "<group>"; };
		2B0729CC69F3D53BF8941E9C /* ScreenshotOrganizerLauncher.entitlements */ = {isa = PBXFileReference; lastKnownFileType = text.plist.entitlements; path = ScreenshotOrganizerLauncher.entitlements; sourceTree = "<group>"; };
		3D9318DA5CC071CF1DA9AD6B /* ScreenshotOrganizer.app */ = {isa = PBXFileReference; explicitFileType = wrapper.application; includeInIndex = 0; path = ScreenshotOrganizer.app; sourceTree = BUILT_PRODUCTS_DIR; };
		470F50A7532E508B244A2F3C /* ScreenshotOrganizerLauncher.app */ = {isa = PBXFileReference; explicitFileType = wrapper.application; includeInIndex = 0; path = ScreenshotOrganizerLauncher.app; sourceTree = BUILT_PRODUCTS_DIR; };
		683E1C0A1A5B2422E2044FD0 /* SettingsContentView.swift */ = {isa = PBXFileReference; lastKnownFileType = sourcecode.swift; path = SettingsContentView.swift; sourceTree = "<group>"; };
		7AD13073E20B6F007EB27850 /* AppLogger.swift */ = {isa = PBXFileReference; lastKnownFileType = sourcecode.swift; path = AppLogger.swift; sourceTree = "<group>"; };
		969CDD22B665D91F5AA9FC20 /* FileMonitor.swift */ = {isa = PBXFileReference; lastKnownFileType = sourcecode.swift; path = FileMonitor.swift; sourceTree = "<group>"; };
		9DE15EF095B4D72E2995B4D8 /* Preview Assets.xcassets */ = {isa = PBXFileReference; lastKnownFileType = folder.assetcatalog; path = "Preview Assets.xcassets"; sourceTree = "<group>"; };
		A4B3DB258197C6BBD4EE983D /* AppDelegate.swift */ = {isa = PBXFileReference; lastKnownFileType = sourcecode.swift; path = AppDelegate.swift; sourceTree = "<group>"; };
		A8318E21DF06EFAC8B995CBA /* main.swift */ = {isa = PBXFileReference; lastKnownFileType = sourcecode.swift; path = main.swift; sourceTree = "<group>"; };
		C0F1011AB6F8387A658546FA /* main.swift */ = {isa = PBXFileReference; lastKnownFileType = sourcecode.swift; path = main.swift; sourceTree = "<group>"; };
		C36F5CBF7F34250B6EC66D6C /* ScreenshotOrganizer.entitlements */ = {isa = PBXFileReference; lastKnownFileType = text.plist.entitlements; path = ScreenshotOrganizer.entitlements; sourceTree = "<group>"; };
		CAC25A121C87606D74433D2F /* Assets.xcassets */ = {isa = PBXFileReference; lastKnownFileType = folder.assetcatalog; path = Assets.xcassets; sourceTree = "<group>"; };
		D7105D43346BA15BCA978F3E /* Info.plist */ = {isa = PBXFileReference; lastKnownFileType = text.plist; path = Info.plist; sourceTree = "<group>"; };
/* End PBXFileReference section */

/* Begin PBXGroup section */
		39F536E9DE81EF8286DB1B07 /* Preview Content */ = {
			isa = PBXGroup;
			children = (
				9DE15EF095B4D72E2995B4D8 /* Preview Assets.xcassets */,
			);
			path = "Preview Content";
			sourceTree = "<group>";
		};
		7AA888B4D9326284E1A1C4D5 /* ScreenshotOrganizer */ = {
			isa = PBXGroup;
			children = (
				A4B3DB258197C6BBD4EE983D /* AppDelegate.swift */,
				7AD13073E20B6F007EB27850 /* AppLogger.swift */,
				CAC25A121C87606D74433D2F /* Assets.xcassets */,
				0959B6B8684EC41A4C1C1E4F /* Constants.swift */,
				969CDD22B665D91F5AA9FC20 /* FileMonitor.swift */,
				2856C72A01787D1B6859310B /* Info.plist */,
				A8318E21DF06EFAC8B995CBA /* main.swift */,
				C36F5CBF7F34250B6EC66D6C /* ScreenshotOrganizer.entitlements */,
				683E1C0A1A5B2422E2044FD0 /* SettingsContentView.swift */,
				39F536E9DE81EF8286DB1B07 /* Preview Content */,
			);
			path = ScreenshotOrganizer;
			sourceTree = "<group>";
		};
		9A94D6F7424FCA564B4350DC /* Products */ = {
			isa = PBXGroup;
			children = (
				3D9318DA5CC071CF1DA9AD6B /* ScreenshotOrganizer.app */,
				470F50A7532E508B244A2F3C /* ScreenshotOrganizerLauncher.app */,
			);
			name = Products;
			sourceTree = "<group>";
		};
		DF814444297AF4D29E7698FE = {
			isa = PBXGroup;
			children = (
				7AA888B4D9326284E1A1C4D5 /* ScreenshotOrganizer */,
				E40403990A55151DEBB01E3C /* ScreenshotOrganizerLauncher */,
				9A94D6F7424FCA564B4350DC /* Products */,
			);
			sourceTree = "<group>";
		};
		E40403990A55151DEBB01E3C /* ScreenshotOrganizerLauncher */ = {
			isa = PBXGroup;
			children = (
				D7105D43346BA15BCA978F3E /* Info.plist */,
				C0F1011AB6F8387A658546FA /* main.swift */,
				2B0729CC69F3D53BF8941E9C /* ScreenshotOrganizerLauncher.entitlements */,
			);
			path = ScreenshotOrganizerLauncher;
			sourceTree = "<group>";
		};
/* End PBXGroup section */

/* Begin PBXNativeTarget section */
		A6B28E7EE7720DD0B412AFC9 /* ScreenshotOrganizerLauncher */ = {
			isa = PBXNativeTarget;
			buildConfigurationList = 1648E22303E4B09BC91B0CFB /* Build configuration list for PBXNativeTarget "ScreenshotOrganizerLauncher" */;
			buildPhases = (
				72E80859853AA041F4DC7290 /* Sources */,
			);
			buildRules = (
			);
			dependencies = (
			);
			name = ScreenshotOrganizerLauncher;
			productName = ScreenshotOrganizerLauncher;
			productReference = 470F50A7532E508B244A2F3C /* ScreenshotOrganizerLauncher.app */;
			productType = "com.apple.product-type.application";
		};
		AB0B5B9B7DD6C2AD558F4565 /* ScreenshotOrganizer */ = {
			isa = PBXNativeTarget;
			buildConfigurationList = 5FE1330EF1EC8E53BA490947 /* Build configuration list for PBXNativeTarget "ScreenshotOrganizer" */;
			buildPhases = (
				BB4CEFF5A5E431E5C4DBDACD /* Sources */,
				587927A3403F389F7524A2B9 /* Resources */,
			);
			buildRules = (
			);
			dependencies = (
			);
			name = ScreenshotOrganizer;
			productName = ScreenshotOrganizer;
			productReference = 3D9318DA5CC071CF1DA9AD6B /* ScreenshotOrganizer.app */;
			productType = "com.apple.product-type.application";
		};
/* End PBXNativeTarget section */

/* Begin PBXProject section */
		4C98DE92F05401A3ED94CC04 /* Project object */ = {
			isa = PBXProject;
			attributes = {
				BuildIndependentTargetsInParallel = YES;
				LastUpgradeCheck = 1430;
			};
			buildConfigurationList = AC247587F94424D7E6AABF26 /* Build configuration list for PBXProject "ScreenshotOrganizer" */;
			compatibilityVersion = "Xcode 14.0";
			developmentRegion = en;
			hasScannedForEncodings = 0;
			knownRegions = (
				Base,
				en,
			);
			mainGroup = DF814444297AF4D29E7698FE;
			projectDirPath = "";
			projectRoot = "";
			targets = (
				AB0B5B9B7DD6C2AD558F4565 /* ScreenshotOrganizer */,
				A6B28E7EE7720DD0B412AFC9 /* ScreenshotOrganizerLauncher */,
			);
		};
/* End PBXProject section */

/* Begin PBXResourcesBuildPhase section */
		587927A3403F389F7524A2B9 /* Resources */ = {
			isa = PBXResourcesBuildPhase;
			buildActionMask = 2147483647;
			files = (
				2D412C08CB31202D939B3AE5 /* Assets.xcassets in Resources */,
				A59220CD130A1070D2C0A8FD /* Preview Assets.xcassets in Resources */,
			);
			runOnlyForDeploymentPostprocessing = 0;
		};
/* End PBXResourcesBuildPhase section */

/* Begin PBXSourcesBuildPhase section */
		72E80859853AA041F4DC7290 /* Sources */ = {
			isa = PBXSourcesBuildPhase;
			buildActionMask = 2147483647;
			files = (
				4ADDA6D17B56CFA588B5A757 /* main.swift in Sources */,
			);
			runOnlyForDeploymentPostprocessing = 0;
		};
		BB4CEFF5A5E431E5C4DBDACD /* Sources */ = {
			isa = PBXSourcesBuildPhase;
			buildActionMask = 2147483647;
			files = (
				475CD581BFB94856E6344294 /* AppDelegate.swift in Sources */,
				7BBBAD5AC2F29166995B6D85 /* AppLogger.swift in Sources */,
				54508DE0D293274A8807655C /* Constants.swift in Sources */,
				F3053729E386DF10D38913A5 /* FileMonitor.swift in Sources */,
				AEF9EC7B1F82BCE5C556F458 /* SettingsContentView.swift in Sources */,
				DA49A14B6FB9F2B487241EFD /* main.swift in Sources */,
			);
			runOnlyForDeploymentPostprocessing = 0;
		};
/* End PBXSourcesBuildPhase section */

/* Begin XCBuildConfiguration section */
		7D261FC8A53A7DA9E4923801 /* Debug */ = {
			isa = XCBuildConfiguration;
			buildSettings = {
				ASSETCATALOG_COMPILER_APPICON_NAME = AppIcon;
				CODE_SIGN_ENTITLEMENTS = ScreenshotOrganizer/ScreenshotOrganizer.entitlements;
				CODE_SIGN_IDENTITY = "Apple Development";
				CODE_SIGN_STYLE = Automatic;
				COMBINE_HIDPI_IMAGES = YES;
				DEVELOPMENT_TEAM = QFW98B7VB4;
				INFOPLIST_FILE = ScreenshotOrganizer/Info.plist;
				LD_RUNPATH_SEARCH_PATHS = (
					"$(inherited)",
					"@executable_path/../Frameworks",
				);
				PRODUCT_BUNDLE_IDENTIFIER = com.reorx.ScreenshotOrganizer;
				PROVISIONING_PROFILE_SPECIFIER = "";
				SDKROOT = macosx;
			};
			name = Debug;
		};
		7E0D6BE70184975CBF9AEEE6 /* Debug */ = {
			isa = XCBuildConfiguration;
			buildSettings = {
				ALWAYS_SEARCH_USER_PATHS = NO;
				CLANG_ANALYZER_NONNULL = YES;
				CLANG_ANALYZER_NUMBER_OBJECT_CONVERSION = YES_AGGRESSIVE;
				CLANG_CXX_LANGUAGE_STANDARD = "gnu++14";
				CLANG_CXX_LIBRARY = "libc++";
				CLANG_ENABLE_MODULES = YES;
				CLANG_ENABLE_OBJC_ARC = YES;
				CLANG_ENABLE_OBJC_WEAK = YES;
				CLANG_WARN_BLOCK_CAPTURE_AUTORELEASING = YES;
				CLANG_WARN_BOOL_CONVERSION = YES;
				CLANG_WARN_COMMA = YES;
				CLANG_WARN_CONSTANT_CONVERSION = YES;
				CLANG_WARN_DEPRECATED_OBJC_IMPLEMENTATIONS = YES;
				CLANG_WARN_DIRECT_OBJC_ISA_USAGE = YES_ERROR;
				CLANG_WARN_DOCUMENTATION_COMMENTS = YES;
				CLANG_WARN_EMPTY_BODY = YES;
				CLANG_WARN_ENUM_CONVERSION = YES;
				CLANG_WARN_INFINITE_RECURSION = YES;
				CLANG_WARN_INT_CONVERSION = YES;
				CLANG_WARN_NON_LITERAL_NULL_CONVERSION = YES;
				CLANG_WARN_OBJC_IMPLICIT_RETAIN_SELF = YES;
				CLANG_WARN_OBJC_LITERAL_CONVERSION = YES;
				CLANG_WARN_OBJC_ROOT_CLASS = YES_ERROR;
				CLANG_WARN_QUOTED_INCLUDE_IN_FRAMEWORK_HEADER = YES;
				CLANG_WARN_RANGE_LOOP_ANALYSIS = YES;
				CLANG_WARN_STRICT_PROTOTYPES = YES;
				CLANG_WARN_SUSPICIOUS_MOVE = YES;
				CLANG_WARN_UNGUARDED_AVAILABILITY = YES_AGGRESSIVE;
				CLANG_WARN_UNREACHABLE_CODE = YES;
				CLANG_WARN__DUPLICATE_METHOD_MATCH = YES;
				COPY_PHASE_STRIP = NO;
				DEBUG_INFORMATION_FORMAT = dwarf;
				ENABLE_STRICT_OBJC_MSGSEND = YES;
				ENABLE_TESTABILITY = YES;
				GCC_C_LANGUAGE_STANDARD = gnu11;
				GCC_DYNAMIC_NO_PIC = NO;
				GCC_NO_COMMON_BLOCKS = YES;
				GCC_OPTIMIZATION_LEVEL = 0;
				GCC_PREPROCESSOR_DEFINITIONS = (
					"$(inherited)",
					"DEBUG=1",
				);
				GCC_WARN_64_TO_32_BIT_CONVERSION = YES;
				GCC_WARN_ABOUT_RETURN_TYPE = YES_ERROR;
				GCC_WARN_UNDECLARED_SELECTOR = YES;
				GCC_WARN_UNINITIALIZED_AUTOS = YES_AGGRESSIVE;
				GCC_WARN_UNUSED_FUNCTION = YES;
				GCC_WARN_UNUSED_VARIABLE = YES;
				MACOSX_DEPLOYMENT_TARGET = 13.0;
				MTL_ENABLE_DEBUG_INFO = INCLUDE_SOURCE;
				MTL_FAST_MATH = YES;
				ONLY_ACTIVE_ARCH = YES;
				PRODUCT_NAME = "$(TARGET_NAME)";
				SDKROOT = macosx;
				SWIFT_ACTIVE_COMPILATION_CONDITIONS = DEBUG;
				SWIFT_OPTIMIZATION_LEVEL = "-Onone";
				SWIFT_VERSION = 5.0;
			};
			name = Debug;
		};
		8EFEB311A04AFB4A6DA118BC /* Debug */ = {
			isa = XCBuildConfiguration;
			buildSettings = {
				ASSETCATALOG_COMPILER_APPICON_NAME = AppIcon;
				CODE_SIGN_ENTITLEMENTS = ScreenshotOrganizerLauncher/ScreenshotOrganizerLauncher.entitlements;
				CODE_SIGN_IDENTITY = "Apple Development";
				CODE_SIGN_STYLE = Automatic;
				COMBINE_HIDPI_IMAGES = YES;
				DEVELOPMENT_TEAM = QFW98B7VB4;
				INFOPLIST_FILE = ScreenshotOrganizerLauncher/Info.plist;
				LD_RUNPATH_SEARCH_PATHS = (
					"$(inherited)",
					"@executable_path/../Frameworks",
				);
				PRODUCT_BUNDLE_IDENTIFIER = com.reorx.ScreenshotOrganizer.Launcher;
				PROVISIONING_PROFILE_SPECIFIER = "";
				SDKROOT = macosx;
			};
			name = Debug;
		};
		92871FE538B3F11F58104E97 /* Release */ = {
			isa = XCBuildConfiguration;
			buildSettings = {
				ALWAYS_SEARCH_USER_PATHS = NO;
				CLANG_ANALYZER_NONNULL = YES;
				CLANG_ANALYZER_NUMBER_OBJECT_CONVERSION = YES_AGGRESSIVE;
				CLANG_CXX_LANGUAGE_STANDARD = "gnu++14";
				CLANG_CXX_LIBRARY = "libc++";
				CLANG_ENABLE_MODULES = YES;
				CLANG_ENABLE_OBJC_ARC = YES;
				CLANG_ENABLE_OBJC_WEAK = YES;
				CLANG_WARN_BLOCK_CAPTURE_AUTORELEASING = YES;
				CLANG_WARN_BOOL_CONVERSION = YES;
				CLANG_WARN_COMMA = YES;
				CLANG_WARN_CONSTANT_CONVERSION = YES;
				CLANG_WARN_DEPRECATED_OBJC_IMPLEMENTATIONS = YES;
				CLANG_WARN_DIRECT_OBJC_ISA_USAGE = YES_ERROR;
				CLANG_WARN_DOCUMENTATION_COMMENTS = YES;
				CLANG_WARN_EMPTY_BODY = YES;
				CLANG_WARN_ENUM_CONVERSION = YES;
				CLANG_WARN_INFINITE_RECURSION = YES;
				CLANG_WARN_INT_CONVERSION = YES;
				CLANG_WARN_NON_LITERAL_NULL_CONVERSION = YES;
				CLANG_WARN_OBJC_IMPLICIT_RETAIN_SELF = YES;
				CLANG_WARN_OBJC_LITERAL_CONVERSION = YES;
				CLANG_WARN_OBJC_ROOT_CLASS = YES_ERROR;
				CLANG_WARN_QUOTED_INCLUDE_IN_FRAMEWORK_HEADER = YES;
				CLANG_WARN_RANGE_LOOP_ANALYSIS = YES;
				CLANG_WARN_STRICT_PROTOTYPES = YES;
				CLANG_WARN_SUSPICIOUS_MOVE = YES;
				CLANG_WARN_UNGUARDED_AVAILABILITY = YES_AGGRESSIVE;
				CLANG_WARN_UNREACHABLE_CODE = YES;
				CLANG_WARN__DUPLICATE_METHOD_MATCH = YES;
				COPY_PHASE_STRIP = NO;
				DEBUG_INFORMATION_FORMAT = "dwarf-with-dsym";
				ENABLE_NS_ASSERTIONS = NO;
				ENABLE_STRICT_OBJC_MSGSEND = YES;
				GCC_C_LANGUAGE_STANDARD = gnu11;
				GCC_NO_COMMON_BLOCKS = YES;
				GCC_WARN_64_TO_32_BIT_CONVERSION = YES;
				GCC_WARN_ABOUT_RETURN_TYPE = YES_ERROR;
				GCC_WARN_UNDECLARED_SELECTOR = YES;
				GCC_WARN_UNINITIALIZED_AUTOS = YES_AGGRESSIVE;
				GCC_WARN_UNUSED_FUNCTION = YES;
				GCC_WARN_UNUSED_VARIABLE = YES;
				MACOSX_DEPLOYMENT_TARGET = 13.0;
				MTL_ENABLE_DEBUG_INFO = NO;
				MTL_FAST_MATH = YES;
				PRODUCT_NAME = "$(TARGET_NAME)";
				SDKROOT = macosx;
				SWIFT_COMPILATION_MODE = wholemodule;
				SWIFT_OPTIMIZATION_LEVEL = "-O";
				SWIFT_VERSION = 5.0;
			};
			name = Release;
		};
		A11526FEEB5950E07E823DF7 /* Release */ = {
			isa = XCBuildConfiguration;
			buildSettings = {
				ASSETCATALOG_COMPILER_APPICON_NAME = AppIcon;
				CODE_SIGN_ENTITLEMENTS = ScreenshotOrganizer/ScreenshotOrganizer.entitlements;
				CODE_SIGN_IDENTITY = "Apple Development";
				CODE_SIGN_STYLE = Automatic;
				COMBINE_HIDPI_IMAGES = YES;
				DEVELOPMENT_TEAM = QFW98B7VB4;
				INFOPLIST_FILE = ScreenshotOrganizer/Info.plist;
				LD_RUNPATH_SEARCH_PATHS = (
					"$(inherited)",
					"@executable_path/../Frameworks",
				);
				PRODUCT_BUNDLE_IDENTIFIER = com.reorx.ScreenshotOrganizer;
				PROVISIONING_PROFILE_SPECIFIER = "";
				SDKROOT = macosx;
			};
			name = Release;
		};
		D45BA8330B984650081930C5 /* Release */ = {
			isa = XCBuildConfiguration;
			buildSettings = {
				ASSETCATALOG_COMPILER_APPICON_NAME = AppIcon;
				CODE_SIGN_ENTITLEMENTS = ScreenshotOrganizerLauncher/ScreenshotOrganizerLauncher.entitlements;
				CODE_SIGN_IDENTITY = "Apple Development";
				CODE_SIGN_STYLE = Automatic;
				COMBINE_HIDPI_IMAGES = YES;
				DEVELOPMENT_TEAM = QFW98B7VB4;
				INFOPLIST_FILE = ScreenshotOrganizerLauncher/Info.plist;
				LD_RUNPATH_SEARCH_PATHS = (
					"$(inherited)",
					"@executable_path/../Frameworks",
				);
				PRODUCT_BUNDLE_IDENTIFIER = com.reorx.ScreenshotOrganizer.Launcher;
				PROVISIONING_PROFILE_SPECIFIER = "";
				SDKROOT = macosx;
			};
			name = Release;
		};
/* End XCBuildConfiguration section */

/* Begin XCConfigurationList section */
		1648E22303E4B09BC91B0CFB /* Build configuration list for PBXNativeTarget "ScreenshotOrganizerLauncher" */ = {
			isa = XCConfigurationList;
			buildConfigurations = (
				8EFEB311A04AFB4A6DA118BC /* Debug */,
				D45BA8330B984650081930C5 /* Release */,
			);
			defaultConfigurationIsVisible = 0;
			defaultConfigurationName = Debug;
		};
		5FE1330EF1EC8E53BA490947 /* Build configuration list for PBXNativeTarget "ScreenshotOrganizer" */ = {
			isa = XCConfigurationList;
			buildConfigurations = (
				7D261FC8A53A7DA9E4923801 /* Debug */,
				A11526FEEB5950E07E823DF7 /* Release */,
			);
			defaultConfigurationIsVisible = 0;
			defaultConfigurationName = Debug;
		};
		AC247587F94424D7E6AABF26 /* Build configuration list for PBXProject "ScreenshotOrganizer" */ = {
			isa = XCConfigurationList;
			buildConfigurations = (
				7E0D6BE70184975CBF9AEEE6 /* Debug */,
				92871FE538B3F11F58104E97 /* Release */,
			);
			defaultConfigurationIsVisible = 0;
			defaultConfigurationName = Debug;
		};
/* End XCConfigurationList section */
	};
	rootObject = 4C98DE92F05401A3ED94CC04 /* Project object */;
}
